
Microsoft Visual Studio Solution File, Format Version 12.00
Project("{FAE04EC0-301F-11D3-BF4B-00C04F79EFBC}") = "snake-cmd-visual", "snake-cmd-visual.csproj", "{BC29CDB1-7878-4BAF-A90A-0B73123183C8}"
EndProject
Project("{FAE04EC0-301F-11D3-BF4B-00C04F79EFBC}") = "Core", "..\Core\Core\Core.csproj", "{A33515A8-83F3-4537-98A3-BAEB2D48A28E}"
EndProject
Global
	GlobalSection(SolutionConfigurationPlatforms) = preSolution
		Debug|Any CPU = Debug|Any CPU
		Release|Any CPU = Release|Any CPU
	EndGlobalSection
	GlobalSection(ProjectConfigurationPlatforms) = postSolution
		{BC29CDB1-7878-4BAF-A90A-0B73123183C8}.Debug|Any CPU.ActiveCfg = Debug|Any CPU
		{BC29CDB1-7878-4BAF-A90A-0B73123183C8}.Debug|Any CPU.Build.0 = Debug|Any CPU
		{BC29CDB1-7878-4BAF-A90A-0B73123183C8}.Release|Any CPU.ActiveCfg = Release|Any CPU
		{BC29CDB1-7878-4BAF-A90A-0B73123183C8}.Release|Any CPU.Build.0 = Release|Any CPU
		{A33515A8-83F3-4537-98A3-BAEB2D48A28E}.Debug|Any CPU.ActiveCfg = Debug|Any CPU
		{A33515A8-83F3-4537-98A3-BAEB2D48A28E}.Debug|Any CPU.Build.0 = Debug|Any CPU
		{A33515A8-83F3-4537-98A3-BAEB2D48A28E}.Release|Any CPU.ActiveCfg = Release|Any CPU
		{A33515A8-83F3-4537-98A3-BAEB2D48A28E}.Release|Any CPU.Build.0 = Release|Any CPU
	EndGlobalSection
EndGlobal
